Microsoft Visual Studio Solution File, Format Version 11.00
# Visual Studio 2008

Project("{4021AC51-499B-06B6-953B-6BB1D37E56C9}") = "Space Ship Sim Take 2", "Assembly-CSharp.csproj", "{06B31F3E-64AB-4222-9E96-7CE62EC39966}"
EndProject
Global
	GlobalSection(SolutionConfigurationPlatforms) = preSolution
		Debug|Any CPU = Debug|Any CPU
		Release|Any CPU = Release|Any CPU
	EndGlobalSection
	GlobalSection(ProjectConfigurationPlatforms) = postSolution
		{06B31F3E-64AB-4222-9E96-7CE62EC39966}.Debug|Any CPU.ActiveCfg = Debug|Any CPU
		{06B31F3E-64AB-4222-9E96-7CE62EC39966}.Debug|Any CPU.Build.0 = Debug|Any CPU
		{06B31F3E-64AB-4222-9E96-7CE62EC39966}.Release|Any CPU.ActiveCfg = Release|Any CPU
		{06B31F3E-64AB-4222-9E96-7CE62EC39966}.Release|Any CPU.Build.0 = Release|Any CPU
	EndGlobalSection
	GlobalSection(SolutionProperties) = preSolution
		HideSolutionNode = FALSE
	EndGlobalSection
	GlobalSection(MonoDevelopProperties) = preSolution
		StartupItem = Assembly-CSharp.csproj
	EndGlobalSection
EndGlobal
